// !$*UTF8*$!
{
	archiveVersion = 1;
	classes = {
	};
	objectVersion = 48;
	objects = {

/* Begin PBXBuildFile section */
		2C4CCF872011062500AB2F3B /* Reminders.framework in Frameworks */ = {isa = PBXBuildFile; fileRef = 2C4CCF882011062500AB2F3B /* Reminders.framework */; };
		2C4CCF8B2011065200AB2F3B /* Gears.framework in Frameworks */ = {isa = PBXBuildFile; fileRef = 2C4CCF862011061E00AB2F3B /* Gears.framework */; };
		2C4CCF8C2011065200AB2F3B /* Gears.framework in Embed Frameworks */ = {isa = PBXBuildFile; fileRef = 2C4CCF862011061E00AB2F3B /* Gears.framework */; settings = {ATTRIBUTES = (CodeSignOnCopy, RemoveHeadersOnCopy, ); }; };
		2C4CCF8F2011066300AB2F3B /* Reminders.framework in Embed Frameworks */ = {isa = PBXBuildFile; fileRef = 2C4CCF882011062500AB2F3B /* Reminders.framework */; settings = {ATTRIBUTES = (CodeSignOnCopy, RemoveHeadersOnCopy, ); }; };
		2C4CCF902011066C00AB2F3B /* ChecklistsFeature.framework in Frameworks */ = {isa = PBXBuildFile; fileRef = 2C4CCF8A2011062800AB2F3B /* ChecklistsFeature.framework */; };
		2C4CCF912011066C00AB2F3B /* ChecklistsFeature.framework in Embed Frameworks */ = {isa = PBXBuildFile; fileRef = 2C4CCF8A2011062800AB2F3B /* ChecklistsFeature.framework */; settings = {ATTRIBUTES = (CodeSignOnCopy, RemoveHeadersOnCopy, ); }; };
		2C4CCF98201108B800AB2F3B /* ListChecklistFlow.swift in Sources */ = {isa = PBXBuildFile; fileRef = 2C4CCF97201108B800AB2F3B /* ListChecklistFlow.swift */; };
		2C4CCF9A2011097700AB2F3B /* ListChecklistViewController.swift in Sources */ = {isa = PBXBuildFile; fileRef = 2C4CCF992011097700AB2F3B /* ListChecklistViewController.swift */; };
		2C4CCF9C20110C0900AB2F3B /* CreateChecklistFlow.swift in Sources */ = {isa = PBXBuildFile; fileRef = 2C4CCF9B20110C0900AB2F3B /* CreateChecklistFlow.swift */; };
		2C4CCF9E20110C1600AB2F3B /* CreateChecklistViewController.swift in Sources */ = {isa = PBXBuildFile; fileRef = 2C4CCF9D20110C1600AB2F3B /* CreateChecklistViewController.swift */; };
		2C77338D20108F8C000026B0 /* AppDelegate.swift in Sources */ = {isa = PBXBuildFile; fileRef = 2C77338C20108F8C000026B0 /* AppDelegate.swift */; };
		2C77339420108F8C000026B0 /* Assets.xcassets in Resources */ = {isa = PBXBuildFile; fileRef = 2C77339320108F8C000026B0 /* Assets.xcassets */; };
		2C77339720108F8C000026B0 /* LaunchScreen.storyboard in Resources */ = {isa = PBXBuildFile; fileRef = 2C77339520108F8C000026B0 /* LaunchScreen.storyboard */; };
		2C7733A220108F8C000026B0 /* RemindlyTests.swift in Sources */ = {isa = PBXBuildFile; fileRef = 2C7733A120108F8C000026B0 /* RemindlyTests.swift */; };
		2C7733AD20108F8C000026B0 /* RemindlyUITests.swift in Sources */ = {isa = PBXBuildFile; fileRef = 2C7733AC20108F8C000026B0 /* RemindlyUITests.swift */; };
/* End PBXBuildFile section */

/* Begin PBXContainerItemProxy section */
		2C77339E20108F8C000026B0 /* PBXContainerItemProxy */ = {
			isa = PBXContainerItemProxy;
			containerPortal = 2C77338120108F8C000026B0 /* Project object */;
			proxyType = 1;
			remoteGlobalIDString = 2C77338820108F8C000026B0;
			remoteInfo = Remindly;
		};
		2C7733A920108F8C000026B0 /* PBXContainerItemProxy */ = {
			isa = PBXContainerItemProxy;
			containerPortal = 2C77338120108F8C000026B0 /* Project object */;
			proxyType = 1;
			remoteGlobalIDString = 2C77338820108F8C000026B0;
			remoteInfo = Remindly;
		};
/* End PBXContainerItemProxy section */

/* Begin PBXCopyFilesBuildPhase section */
		2C4CCF8D2011065300AB2F3B /* Embed Frameworks */ = {
			isa = PBXCopyFilesBuildPhase;
			buildActionMask = 2147483647;
			dstPath = "";
			dstSubfolderSpec = 10;
			files = (
				2C4CCF8F2011066300AB2F3B /* Reminders.framework in Embed Frameworks */,
				2C4CCF912011066C00AB2F3B /* ChecklistsFeature.framework in Embed Frameworks */,
				2C4CCF8C2011065200AB2F3B /* Gears.framework in Embed Frameworks */,
			);
			name = "Embed Frameworks";
			runOnlyForDeploymentPostprocessing = 0;
		};
/* End PBXCopyFilesBuildPhase section */

/* Begin PBXFileReference section */
		2C4CCF862011061E00AB2F3B /* Gears.framework */ = {isa = PBXFileReference; explicitFileType = wrapper.framework; path = Gears.framework; sourceTree = BUILT_PRODUCTS_DIR; };
		2C4CCF882011062500AB2F3B /* Reminders.framework */ = {isa = PBXFileReference; explicitFileType = wrapper.framework; path = Reminders.framework; sourceTree = BUILT_PRODUCTS_DIR; };
		2C4CCF8A2011062800AB2F3B /* ChecklistsFeature.framework */ = {isa = PBXFileReference; explicitFileType = wrapper.framework; path = ChecklistsFeature.framework; sourceTree = BUILT_PRODUCTS_DIR; };
		2C4CCF97201108B800AB2F3B /* ListChecklistFlow.swift */ = {isa = PBXFileReference; lastKnownFileType = sourcecode.swift; path = ListChecklistFlow.swift; sourceTree = "<group>"; };
		2C4CCF992011097700AB2F3B /* ListChecklistViewController.swift */ = {isa = PBXFileReference; lastKnownFileType = sourcecode.swift; path = ListChecklistViewController.swift; sourceTree = "<group>"; };
		2C4CCF9B20110C0900AB2F3B /* CreateChecklistFlow.swift */ = {isa = PBXFileReference; lastKnownFileType = sourcecode.swift; path = CreateChecklistFlow.swift; sourceTree = "<group>"; };
		2C4CCF9D20110C1600AB2F3B /* CreateChecklistViewController.swift */ = {isa = PBXFileReference; lastKnownFileType = sourcecode.swift; path = CreateChecklistViewController.swift; sourceTree = "<group>"; };
		2C77338920108F8C000026B0 /* Remindly.app */ = {isa = PBXFileReference; explicitFileType = wrapper.application; includeInIndex = 0; path = Remindly.app; sourceTree = BUILT_PRODUCTS_DIR; };
		2C77338C20108F8C000026B0 /* AppDelegate.swift */ = {isa = PBXFileReference; lastKnownFileType = sourcecode.swift; path = AppDelegate.swift; sourceTree = "<group>"; };
		2C77339320108F8C000026B0 /* Assets.xcassets */ = {isa = PBXFileReference; lastKnownFileType = folder.assetcatalog; path = Assets.xcassets; sourceTree = "<group>"; };
		2C77339620108F8C000026B0 /* Base */ = {isa = PBXFileReference; lastKnownFileType = file.storyboard; name = Base; path = Base.lproj/LaunchScreen.storyboard; sourceTree = "<group>"; };
		2C77339820108F8C000026B0 /* Info.plist */ = {isa = PBXFileReference; lastKnownFileType = text.plist.xml; path = Info.plist; sourceTree = "<group>"; };
		2C77339D20108F8C000026B0 /* RemindlyTests.xctest */ = {isa = PBXFileReference; explicitFileType = wrapper.cfbundle; includeInIndex = 0; path = RemindlyTests.xctest; sourceTree = BUILT_PRODUCTS_DIR; };
		2C7733A120108F8C000026B0 /* RemindlyTests.swift */ = {isa = PBXFileReference; lastKnownFileType = sourcecode.swift; path = RemindlyTests.swift; sourceTree = "<group>"; };
		2C7733A320108F8C000026B0 /* Info.plist */ = {isa = PBXFileReference; lastKnownFileType = text.plist.xml; path = Info.plist; sourceTree = "<group>"; };
		2C7733A820108F8C000026B0 /* RemindlyUITests.xctest */ = {isa = PBXFileReference; explicitFileType = wrapper.cfbundle; includeInIndex = 0; path = RemindlyUITests.xctest; sourceTree = BUILT_PRODUCTS_DIR; };
		2C7733AC20108F8C000026B0 /* RemindlyUITests.swift */ = {isa = PBXFileReference; lastKnownFileType = sourcecode.swift; path = RemindlyUITests.swift; sourceTree = "<group>"; };
		2C7733AE20108F8C000026B0 /* Info.plist */ = {isa = PBXFileReference; lastKnownFileType = text.plist.xml; path = Info.plist; sourceTree = "<group>"; };
/* End PBXFileReference section */

/* Begin PBXFrameworksBuildPhase section */
		2C77338620108F8C000026B0 /* Frameworks */ = {
			isa = PBXFrameworksBuildPhase;
			buildActionMask = 2147483647;
			files = (
				2C4CCF902011066C00AB2F3B /* ChecklistsFeature.framework in Frameworks */,
				2C4CCF8B2011065200AB2F3B /* Gears.framework in Frameworks */,
				2C4CCF872011062500AB2F3B /* Reminders.framework in Frameworks */,
			);
			runOnlyForDeploymentPostprocessing = 0;
		};
		2C77339A20108F8C000026B0 /* Frameworks */ = {
			isa = PBXFrameworksBuildPhase;
			buildActionMask = 2147483647;
			files = (
			);
			runOnlyForDeploymentPostprocessing = 0;
		};
		2C7733A520108F8C000026B0 /* Frameworks */ = {
			isa = PBXFrameworksBuildPhase;
			buildActionMask = 2147483647;
			files = (
			);
			runOnlyForDeploymentPostprocessing = 0;
		};
/* End PBXFrameworksBuildPhase section */

/* Begin PBXGroup section */
		2C4CCF802011058200AB2F3B /* Features */ = {
			isa = PBXGroup;
			children = (
				2C4CCF812011058A00AB2F3B /* Checklist */,
			);
			path = Features;
			sourceTree = "<group>";
		};
		2C4CCF812011058A00AB2F3B /* Checklist */ = {
			isa = PBXGroup;
			children = (
				2C4CCF832011059800AB2F3B /* Create */,
				2C4CCF822011059200AB2F3B /* List */,
			);
			path = Checklist;
			sourceTree = "<group>";
		};
		2C4CCF822011059200AB2F3B /* List */ = {
			isa = PBXGroup;
			children = (
				2C4CCF97201108B800AB2F3B /* ListChecklistFlow.swift */,
				2C4CCF992011097700AB2F3B /* ListChecklistViewController.swift */,
			);
			path = List;
			sourceTree = "<group>";
		};
		2C4CCF832011059800AB2F3B /* Create */ = {
			isa = PBXGroup;
			children = (
				2C4CCF9F20110E1100AB2F3B /* Views */,
				2C4CCF9B20110C0900AB2F3B /* CreateChecklistFlow.swift */,
				2C4CCF9D20110C1600AB2F3B /* CreateChecklistViewController.swift */,
			);
			path = Create;
			sourceTree = "<group>";
		};
		2C4CCF842011061E00AB2F3B /* Frameworks */ = {
			isa = PBXGroup;
			children = (
				2C4CCF8A2011062800AB2F3B /* ChecklistsFeature.framework */,
				2C4CCF882011062500AB2F3B /* Reminders.framework */,
				2C4CCF862011061E00AB2F3B /* Gears.framework */,
			);
			name = Frameworks;
			sourceTree = "<group>";
		};
		2C4CCF9F20110E1100AB2F3B /* Views */ = {
			isa = PBXGroup;
			children = (
			);
			path = Views;
			sourceTree = "<group>";
		};
		2C77338020108F8C000026B0 = {
			isa = PBXGroup;
			children = (
				2C77338B20108F8C000026B0 /* Remindly */,
				2C7733A020108F8C000026B0 /* RemindlyTests */,
				2C7733AB20108F8C000026B0 /* RemindlyUITests */,
				2C77338A20108F8C000026B0 /* Products */,
				2C4CCF842011061E00AB2F3B /* Frameworks */,
			);
			sourceTree = "<group>";
		};
		2C77338A20108F8C000026B0 /* Products */ = {
			isa = PBXGroup;
			children = (
				2C77338920108F8C000026B0 /* Remindly.app */,
				2C77339D20108F8C000026B0 /* RemindlyTests.xctest */,
				2C7733A820108F8C000026B0 /* RemindlyUITests.xctest */,
			);
			name = Products;
			sourceTree = "<group>";
		};
		2C77338B20108F8C000026B0 /* Remindly */ = {
			isa = PBXGroup;
			children = (
				2C4CCF802011058200AB2F3B /* Features */,
				2C77338C20108F8C000026B0 /* AppDelegate.swift */,
				2C77339320108F8C000026B0 /* Assets.xcassets */,
				2C77339520108F8C000026B0 /* LaunchScreen.storyboard */,
				2C77339820108F8C000026B0 /* Info.plist */,
			);
			path = Remindly;
			sourceTree = "<group>";
		};
		2C7733A020108F8C000026B0 /* RemindlyTests */ = {
			isa = PBXGroup;
			children = (
				2C7733A120108F8C000026B0 /* RemindlyTests.swift */,
				2C7733A320108F8C000026B0 /* Info.plist */,
			);
			path = RemindlyTests;
			sourceTree = "<group>";
		};
		2C7733AB20108F8C000026B0 /* RemindlyUITests */ = {
			isa = PBXGroup;
			children = (
				2C7733AC20108F8C000026B0 /* RemindlyUITests.swift */,
				2C7733AE20108F8C000026B0 /* Info.plist */,
			);
			path = RemindlyUITests;
			sourceTree = "<group>";
		};
/* End PBXGroup section */

/* Begin PBXNativeTarget section */
		2C77338820108F8C000026B0 /* Remindly */ = {
			isa = PBXNativeTarget;
			buildConfigurationList = 2C7733B120108F8C000026B0 /* Build configuration list for PBXNativeTarget "Remindly" */;
			buildPhases = (
				2C77338520108F8C000026B0 /* Sources */,
				2C77338620108F8C000026B0 /* Frameworks */,
				2C77338720108F8C000026B0 /* Resources */,
				2C4CCF8D2011065300AB2F3B /* Embed Frameworks */,
			);
			buildRules = (
			);
			dependencies = (
			);
			name = Remindly;
			productName = Remindly;
			productReference = 2C77338920108F8C000026B0 /* Remindly.app */;
			productType = "com.apple.product-type.application";
		};
		2C77339C20108F8C000026B0 /* RemindlyTests */ = {
			isa = PBXNativeTarget;
			buildConfigurationList = 2C7733B420108F8C000026B0 /* Build configuration list for PBXNativeTarget "RemindlyTests" */;
			buildPhases = (
				2C77339920108F8C000026B0 /* Sources */,
				2C77339A20108F8C000026B0 /* Frameworks */,
				2C77339B20108F8C000026B0 /* Resources */,
			);
			buildRules = (
			);
			dependencies = (
				2C77339F20108F8C000026B0 /* PBXTargetDependency */,
			);
			name = RemindlyTests;
			productName = RemindlyTests;
			productReference = 2C77339D20108F8C000026B0 /* RemindlyTests.xctest */;
			productType = "com.apple.product-type.bundle.unit-test";
		};
		2C7733A720108F8C000026B0 /* RemindlyUITests */ = {
			isa = PBXNativeTarget;
			buildConfigurationList = 2C7733B720108F8C000026B0 /* Build configuration list for PBXNativeTarget "RemindlyUITests" */;
			buildPhases = (
				2C7733A420108F8C000026B0 /* Sources */,
				2C7733A520108F8C000026B0 /* Frameworks */,
				2C7733A620108F8C000026B0 /* Resources */,
			);
			buildRules = (
			);
			dependencies = (
				2C7733AA20108F8C000026B0 /* PBXTargetDependency */,
			);
			name = RemindlyUITests;
			productName = RemindlyUITests;
			productReference = 2C7733A820108F8C000026B0 /* RemindlyUITests.xctest */;
			productType = "com.apple.product-type.bundle.ui-testing";
		};
/* End PBXNativeTarget section */

/* Begin PBXProject section */
		2C77338120108F8C000026B0 /* Project object */ = {
			isa = PBXProject;
			attributes = {
				LastSwiftUpdateCheck = 0900;
				LastUpgradeCheck = 0900;
				ORGANIZATIONNAME = JK;
				TargetAttributes = {
					2C77338820108F8C000026B0 = {
						CreatedOnToolsVersion = 9.0.1;
						ProvisioningStyle = Automatic;
					};
					2C77339C20108F8C000026B0 = {
						CreatedOnToolsVersion = 9.0.1;
						ProvisioningStyle = Automatic;
						TestTargetID = 2C77338820108F8C000026B0;
					};
					2C7733A720108F8C000026B0 = {
						CreatedOnToolsVersion = 9.0.1;
						ProvisioningStyle = Automatic;
						TestTargetID = 2C77338820108F8C000026B0;
					};
				};
			};
			buildConfigurationList = 2C77338420108F8C000026B0 /* Build configuration list for PBXProject "Remindly" */;
			compatibilityVersion = "Xcode 8.0";
			developmentRegion = en;
			hasScannedForEncodings = 0;
			knownRegions = (
				en,
				Base,
			);
			mainGroup = 2C77338020108F8C000026B0;
			productRefGroup = 2C77338A20108F8C000026B0 /* Products */;
			projectDirPath = "";
			projectRoot = "";
			targets = (
				2C77338820108F8C000026B0 /* Remindly */,
				2C77339C20108F8C000026B0 /* RemindlyTests */,
				2C7733A720108F8C000026B0 /* RemindlyUITests */,
			);
		};
/* End PBXProject section */

/* Begin PBXResourcesBuildPhase section */
		2C77338720108F8C000026B0 /* Resources */ = {
			isa = PBXResourcesBuildPhase;
			buildActionMask = 2147483647;
			files = (
				2C77339720108F8C000026B0 /* LaunchScreen.storyboard in Resources */,
				2C77339420108F8C000026B0 /* Assets.xcassets in Resources */,
			);
			runOnlyForDeploymentPostprocessing = 0;
		};
		2C77339B20108F8C000026B0 /* Resources */ = {
			isa = PBXResourcesBuildPhase;
			buildActionMask = 2147483647;
			files = (
			);
			runOnlyForDeploymentPostprocessing = 0;
		};
		2C7733A620108F8C000026B0 /* Resources */ = {
			isa = PBXResourcesBuildPhase;
			buildActionMask = 2147483647;
			files = (
			);
			runOnlyForDeploymentPostprocessing = 0;
		};
/* End PBXResourcesBuildPhase section */

/* Begin PBXSourcesBuildPhase section */
		2C77338520108F8C000026B0 /* Sources */ = {
			isa = PBXSourcesBuildPhase;
			buildActionMask = 2147483647;
			files = (
				2C4CCF98201108B800AB2F3B /* ListChecklistFlow.swift in Sources */,
				2C4CCF9E20110C1600AB2F3B /* CreateChecklistViewController.swift in Sources */,
				2C77338D20108F8C000026B0 /* AppDelegate.swift in Sources */,
				2C4CCF9C20110C0900AB2F3B /* CreateChecklistFlow.swift in Sources */,
				2C4CCF9A2011097700AB2F3B /* ListChecklistViewController.swift in Sources */,
			);
			runOnlyForDeploymentPostprocessing = 0;
		};
		2C77339920108F8C000026B0 /* Sources */ = {
			isa = PBXSourcesBuildPhase;
			buildActionMask = 2147483647;
			files = (
				2C7733A220108F8C000026B0 /* RemindlyTests.swift in Sources */,
			);
			runOnlyForDeploymentPostprocessing = 0;
		};
		2C7733A420108F8C000026B0 /* Sources */ = {
			isa = PBXSourcesBuildPhase;
			buildActionMask = 2147483647;
			files = (
				2C7733AD20108F8C000026B0 /* RemindlyUITests.swift in Sources */,
			);
			runOnlyForDeploymentPostprocessing = 0;
		};
/* End PBXSourcesBuildPhase section */

/* Begin PBXTargetDependency section */
		2C77339F20108F8C000026B0 /* PBXTargetDependency */ = {
			isa = PBXTargetDependency;
			target = 2C77338820108F8C000026B0 /* Remindly */;
			targetProxy = 2C77339E20108F8C000026B0 /* PBXContainerItemProxy */;
		};
		2C7733AA20108F8C000026B0 /* PBXTargetDependency */ = {
			isa = PBXTargetDependency;
			target = 2C77338820108F8C000026B0 /* Remindly */;
			targetProxy = 2C7733A920108F8C000026B0 /* PBXContainerItemProxy */;
		};
/* End PBXTargetDependency section */

/* Begin PBXVariantGroup section */
		2C77339520108F8C000026B0 /* LaunchScreen.storyboard */ = {
			isa = PBXVariantGroup;
			children = (
				2C77339620108F8C000026B0 /* Base */,
			);
			name = LaunchScreen.storyboard;
			sourceTree = "<group>";
		};
/* End PBXVariantGroup section */

/* Begin XCBuildConfiguration section */
		2C7733AF20108F8C000026B0 /* Debug */ = {
			isa = XCBuildConfiguration;
			buildSettings = {
				ALWAYS_SEARCH_USER_PATHS = NO;
				CLANG_ANALYZER_NONNULL = YES;
				CLANG_ANALYZER_NUMBER_OBJECT_CONVERSION = YES_AGGRESSIVE;
				CLANG_CXX_LANGUAGE_STANDARD = "gnu++14";
				CLANG_CXX_LIBRARY = "libc++";
				CLANG_ENABLE_MODULES = YES;
				CLANG_ENABLE_OBJC_ARC = YES;
				CLANG_WARN_BLOCK_CAPTURE_AUTORELEASING = YES;
				CLANG_WARN_BOOL_CONVERSION = YES;
				CLANG_WARN_COMMA = YES;
				CLANG_WARN_CONSTANT_CONVERSION = YES;
				CLANG_WARN_DIRECT_OBJC_ISA_USAGE = YES_ERROR;
				CLANG_WARN_DOCUMENTATION_COMMENTS = YES;
				CLANG_WARN_EMPTY_BODY = YES;
				CLANG_WARN_ENUM_CONVERSION = YES;
				CLANG_WARN_INFINITE_RECURSION = YES;
				CLANG_WARN_INT_CONVERSION = YES;
				CLANG_WARN_NON_LITERAL_NULL_CONVERSION = YES;
				CLANG_WARN_OBJC_LITERAL_CONVERSION = YES;
				CLANG_WARN_OBJC_ROOT_CLASS = YES_ERROR;
				CLANG_WARN_RANGE_LOOP_ANALYSIS = YES;
				CLANG_WARN_STRICT_PROTOTYPES = YES;
				CLANG_WARN_SUSPICIOUS_MOVE = YES;
				CLANG_WARN_UNGUARDED_AVAILABILITY = YES_AGGRESSIVE;
				CLANG_WARN_UNREACHABLE_CODE = YES;
				CLANG_WARN__DUPLICATE_METHOD_MATCH = YES;
				CODE_SIGN_IDENTITY = "iPhone Developer";
				COPY_PHASE_STRIP = NO;
				DEBUG_INFORMATION_FORMAT = dwarf;
				ENABLE_STRICT_OBJC_MSGSEND = YES;
				ENABLE_TESTABILITY = YES;
				GCC_C_LANGUAGE_STANDARD = gnu11;
				GCC_DYNAMIC_NO_PIC = NO;
				GCC_NO_COMMON_BLOCKS = YES;
				GCC_OPTIMIZATION_LEVEL = 0;
				GCC_PREPROCESSOR_DEFINITIONS = (
					"DEBUG=1",
					"$(inherited)",
				);
				GCC_WARN_64_TO_32_BIT_CONVERSION = YES;
				GCC_WARN_ABOUT_RETURN_TYPE = YES_ERROR;
				GCC_WARN_UNDECLARED_SELECTOR = YES;
				GCC_WARN_UNINITIALIZED_AUTOS = YES_AGGRESSIVE;
				GCC_WARN_UNUSED_FUNCTION = YES;
				GCC_WARN_UNUSED_VARIABLE = YES;
				IPHONEOS_DEPLOYMENT_TARGET = 11.0;
				MTL_ENABLE_DEBUG_INFO = YES;
				ONLY_ACTIVE_ARCH = YES;
				SDKROOT = iphoneos;
				SWIFT_ACTIVE_COMPILATION_CONDITIONS = DEBUG;
				SWIFT_OPTIMIZATION_LEVEL = "-Onone";
			};
			name = Debug;
		};
		2C7733B020108F8C000026B0 /* Release */ = {
			isa = XCBuildConfiguration;
			buildSettings = {
				ALWAYS_SEARCH_USER_PATHS = NO;
				CLANG_ANALYZER_NONNULL = YES;
				CLANG_ANALYZER_NUMBER_OBJECT_CONVERSION = YES_AGGRESSIVE;
				CLANG_CXX_LANGUAGE_STANDARD = "gnu++14";
				CLANG_CXX_LIBRARY = "libc++";
				CLANG_ENABLE_MODULES = YES;
				CLANG_ENABLE_OBJC_ARC = YES;
				CLANG_WARN_BLOCK_CAPTURE_AUTORELEASING = YES;
				CLANG_WARN_BOOL_CONVERSION = YES;
				CLANG_WARN_COMMA = YES;
				CLANG_WARN_CONSTANT_CONVERSION = YES;
				CLANG_WARN_DIRECT_OBJC_ISA_USAGE = YES_ERROR;
				CLANG_WARN_DOCUMENTATION_COMMENTS = YES;
				CLANG_WARN_EMPTY_BODY = YES;
				CLANG_WARN_ENUM_CONVERSION = YES;
				CLANG_WARN_INFINITE_RECURSION = YES;
				CLANG_WARN_INT_CONVERSION = YES;
				CLANG_WARN_NON_LITERAL_NULL_CONVERSION = YES;
				CLANG_WARN_OBJC_LITERAL_CONVERSION = YES;
				CLANG_WARN_OBJC_ROOT_CLASS = YES_ERROR;
				CLANG_WARN_RANGE_LOOP_ANALYSIS = YES;
				CLANG_WARN_STRICT_PROTOTYPES = YES;
				CLANG_WARN_SUSPICIOUS_MOVE = YES;
				CLANG_WARN_UNGUARDED_AVAILABILITY = YES_AGGRESSIVE;
				CLANG_WARN_UNREACHABLE_CODE = YES;
				CLANG_WARN__DUPLICATE_METHOD_MATCH = YES;
				CODE_SIGN_IDENTITY = "iPhone Developer";
				COPY_PHASE_STRIP = NO;
				DEBUG_INFORMATION_FORMAT = "dwarf-with-dsym";
				ENABLE_NS_ASSERTIONS = NO;
				ENABLE_STRICT_OBJC_MSGSEND = YES;
				GCC_C_LANGUAGE_STANDARD = gnu11;
				GCC_NO_COMMON_BLOCKS = YES;
				GCC_WARN_64_TO_32_BIT_CONVERSION = YES;
				GCC_WARN_ABOUT_RETURN_TYPE = YES_ERROR;
				GCC_WARN_UNDECLARED_SELECTOR = YES;
				GCC_WARN_UNINITIALIZED_AUTOS = YES_AGGRESSIVE;
				GCC_WARN_UNUSED_FUNCTION = YES;
				GCC_WARN_UNUSED_VARIABLE = YES;
				IPHONEOS_DEPLOYMENT_TARGET = 11.0;
				MTL_ENABLE_DEBUG_INFO = NO;
				SDKROOT = iphoneos;
				SWIFT_OPTIMIZATION_LEVEL = "-Owholemodule";
				VALIDATE_PRODUCT = YES;
			};
			name = Release;
		};
		2C7733B220108F8C000026B0 /* Debug */ = {
			isa = XCBuildConfiguration;
			buildSettings = {
				ASSETCATALOG_COMPILER_APPICON_NAME = AppIcon;
				CODE_SIGN_STYLE = Automatic;
				INFOPLIST_FILE = Remindly/Info.plist;
				LD_RUNPATH_SEARCH_PATHS = "$(inherited) @executable_path/Frameworks";
				PRODUCT_BUNDLE_IDENTIFIER = JK.Remindly;
				PRODUCT_NAME = "$(TARGET_NAME)";
				SWIFT_VERSION = 4.0;
				TARGETED_DEVICE_FAMILY = "1,2";
			};
			name = Debug;
		};
		2C7733B320108F8C000026B0 /* Release */ = {
			isa = XCBuildConfiguration;
			buildSettings = {
				ASSETCATALOG_COMPILER_APPICON_NAME = AppIcon;
				CODE_SIGN_STYLE = Automatic;
				INFOPLIST_FILE = Remindly/Info.plist;
				LD_RUNPATH_SEARCH_PATHS = "$(inherited) @executable_path/Frameworks";
				PRODUCT_BUNDLE_IDENTIFIER = JK.Remindly;
				PRODUCT_NAME = "$(TARGET_NAME)";
				SWIFT_VERSION = 4.0;
				TARGETED_DEVICE_FAMILY = "1,2";
			};
			name = Release;
		};
		2C7733B520108F8C000026B0 /* Debug */ = {
			isa = XCBuildConfiguration;
			buildSettings = {
				ALWAYS_EMBED_SWIFT_STANDARD_LIBRARIES = YES;
				BUNDLE_LOADER = "$(TEST_HOST)";
				CODE_SIGN_STYLE = Automatic;
				INFOPLIST_FILE = RemindlyTests/Info.plist;
				LD_RUNPATH_SEARCH_PATHS = "$(inherited) @executable_path/Frameworks @loader_path/Frameworks";
				PRODUCT_BUNDLE_IDENTIFIER = JK.RemindlyTests;
				PRODUCT_NAME = "$(TARGET_NAME)";
				SWIFT_VERSION = 4.0;
				TARGETED_DEVICE_FAMILY = "1,2";
				TEST_HOST = "$(BUILT_PRODUCTS_DIR)/Remindly.app/Remindly";
			};
			name = Debug;
		};
		2C7733B620108F8C000026B0 /* Release */ = {
			isa = XCBuildConfiguration;
			buildSettings = {
				ALWAYS_EMBED_SWIFT_STANDARD_LIBRARIES = YES;
				BUNDLE_LOADER = "$(TEST_HOST)";
				CODE_SIGN_STYLE = Automatic;
				INFOPLIST_FILE = RemindlyTests/Info.plist;
				LD_RUNPATH_SEARCH_PATHS = "$(inherited) @executable_path/Frameworks @loader_path/Frameworks";
				PRODUCT_BUNDLE_IDENTIFIER = JK.RemindlyTests;
				PRODUCT_NAME = "$(TARGET_NAME)";
				SWIFT_VERSION = 4.0;
				TARGETED_DEVICE_FAMILY = "1,2";
				TEST_HOST = "$(BUILT_PRODUCTS_DIR)/Remindly.app/Remindly";
			};
			name = Release;
		};
		2C7733B820108F8C000026B0 /* Debug */ = {
			isa = XCBuildConfiguration;
			buildSettings = {
				ALWAYS_EMBED_SWIFT_STANDARD_LIBRARIES = YES;
				CODE_SIGN_STYLE = Automatic;
				INFOPLIST_FILE = RemindlyUITests/Info.plist;
				LD_RUNPATH_SEARCH_PATHS = "$(inherited) @executable_path/Frameworks @loader_path/Frameworks";
				PRODUCT_BUNDLE_IDENTIFIER = JK.RemindlyUITests;
				PRODUCT_NAME = "$(TARGET_NAME)";
				SWIFT_VERSION = 4.0;
				TARGETED_DEVICE_FAMILY = "1,2";
				TEST_TARGET_NAME = Remindly;
			};
			name = Debug;
		};
		2C7733B920108F8C000026B0 /* Release */ = {
			isa = XCBuildConfiguration;
			buildSettings = {
				ALWAYS_EMBED_SWIFT_STANDARD_LIBRARIES = YES;
				CODE_SIGN_STYLE = Automatic;
				INFOPLIST_FILE = RemindlyUITests/Info.plist;
				LD_RUNPATH_SEARCH_PATHS = "$(inherited) @executable_path/Frameworks @loader_path/Frameworks";
				PRODUCT_BUNDLE_IDENTIFIER = JK.RemindlyUITests;
				PRODUCT_NAME = "$(TARGET_NAME)";
				SWIFT_VERSION = 4.0;
				TARGETED_DEVICE_FAMILY = "1,2";
				TEST_TARGET_NAME = Remindly;
			};
			name = Release;
		};
/* End XCBuildConfiguration section */

/* Begin XCConfigurationList section */
		2C77338420108F8C000026B0 /* Build configuration list for PBXProject "Remindly" */ = {
			isa = XCConfigurationList;
			buildConfigurations = (
				2C7733AF20108F8C000026B0 /* Debug */,
				2C7733B020108F8C000026B0 /* Release */,
			);
			defaultConfigurationIsVisible = 0;
			defaultConfigurationName = Release;
		};
		2C7733B120108F8C000026B0 /* Build configuration list for PBXNativeTarget "Remindly" */ = {
			isa = XCConfigurationList;
			buildConfigurations = (
				2C7733B220108F8C000026B0 /* Debug */,
				2C7733B320108F8C000026B0 /* Release */,
			);
			defaultConfigurationIsVisible = 0;
			defaultConfigurationName = Release;
		};
		2C7733B420108F8C000026B0 /* Build configuration list for PBXNativeTarget "RemindlyTests" */ = {
			isa = XCConfigurationList;
			buildConfigurations = (
				2C7733B520108F8C000026B0 /* Debug */,
				2C7733B620108F8C000026B0 /* Release */,
			);
			defaultConfigurationIsVisible = 0;
			defaultConfigurationName = Release;
		};
		2C7733B720108F8C000026B0 /* Build configuration list for PBXNativeTarget "RemindlyUITests" */ = {
			isa = XCConfigurationList;
			buildConfigurations = (
				2C7733B820108F8C000026B0 /* Debug */,
				2C7733B920108F8C000026B0 /* Release */,
			);
			defaultConfigurationIsVisible = 0;
			defaultConfigurationName = Release;
		};
/* End XCConfigurationList section */
	};
	rootObject = 2C77338120108F8C000026B0 /* Project object */;
}
